
Microsoft Visual Studio Solution File, Format Version 12.00
# Visual Studio Version 16
VisualStudioVersion = 16.0.29324.140
MinimumVisualStudioVersion = 10.0.40219.1
Project("{8BC9CEB8-8B4A-11D0-8D11-00A0C91BC942}") = "StillALIVE", "StillALIVE.vcxproj", "{FE4879A8-CC39-4C9F-B879-803D6B2E4866}"
EndProject
Global
	GlobalSection(SolutionConfigurationPlatforms) = preSolution
		Debug|x64 = Debug|x64
		Debug|x86 = Debug|x86
		Release|x64 = Release|x64
		Release|x86 = Release|x86
	EndGlobalSection
	GlobalSection(ProjectConfigurationPlatforms) = postSolution
		{FE4879A8-CC39-4C9F-B879-803D6B2E4866}.Debug|x64.ActiveCfg = Debug|x64
		{FE4879A8-CC39-4C9F-B879-803D6B2E4866}.Debug|x64.Build.0 = Debug|x64
		{FE4879A8-CC39-4C9F-B879-803D6B2E4866}.Debug|x86.ActiveCfg = Debug|Win32
		{FE4879A8-CC39-4C9F-B879-803D6B2E4866}.Debug|x86.Build.0 = Debug|Win32
		{FE4879A8-CC39-4C9F-B879-803D6B2E4866}.Release|x64.ActiveCfg = Release|x64
		{FE4879A8-CC39-4C9F-B879-803D6B2E4866}.Release|x64.Build.0 = Release|x64
		{FE4879A8-CC39-4C9F-B879-803D6B2E4866}.Release|x86.ActiveCfg = Release|Win32
		{FE4879A8-CC39-4C9F-B879-803D6B2E4866}.Release|x86.Build.0 = Release|Win32
	EndGlobalSection
	GlobalSection(SolutionProperties) = preSolution
		HideSolutionNode = FALSE
	EndGlobalSection
	GlobalSection(ExtensibilityGlobals) = postSolution
		SolutionGuid = {3C072454-0EF8-4280-A365-FFEC46D87D76}
	EndGlobalSection
EndGlobal
